
Microsoft Visual Studio Solution File, Format Version 12.00
# Visual Studio Version 17
VisualStudioVersion = 17.5.33414.496
MinimumVisualStudioVersion = 10.0.40219.1
Project("{FAE04EC0-301F-11D3-BF4B-00C04F79EFBC}") = "SoftValley", "SoftValley\SoftValley.csproj", "{28899C4D-DF2E-4983-98FB-B4E3642D453E}"
EndProject
Global
	GlobalSection(SolutionConfigurationPlatforms) = preSolution
		Debug|Any CPU = Debug|Any CPU
		Release|Any CPU = Release|Any CPU
	EndGlobalSection
	GlobalSection(ProjectConfigurationPlatforms) = postSolution
		{28899C4D-DF2E-4983-98FB-B4E3642D453E}.Debug|Any CPU.ActiveCfg = Debug|Any CPU
		{28899C4D-DF2E-4983-98FB-B4E3642D453E}.Debug|Any CPU.Build.0 = Debug|Any CPU
		{28899C4D-DF2E-4983-98FB-B4E3642D453E}.Release|Any CPU.ActiveCfg = Release|Any CPU
		{28899C4D-DF2E-4983-98FB-B4E3642D453E}.Release|Any CPU.Build.0 = Release|Any CPU
	EndGlobalSection
	GlobalSection(SolutionProperties) = preSolution
		HideSolutionNode = FALSE
	EndGlobalSection
	GlobalSection(ExtensibilityGlobals) = postSolution
		SolutionGuid = {82FC2B9F-DE97-49E4-94E1-8A898A9DF49D}
	EndGlobalSection
EndGlobal
